// !$*UTF8*$!
{
	archiveVersion = 1;
	classes = {
	};
	objectVersion = 56;
	objects = {

/* Begin PBXBuildFile section */
		102F6F9B2912F1BF0089F74A /* AppDelegate.swift in Sources */ = {isa = PBXBuildFile; fileRef = 102F6F9A2912F1BF0089F74A /* AppDelegate.swift */; };
		102F6F9D2912F1BF0089F74A /* SceneDelegate.swift in Sources */ = {isa = PBXBuildFile; fileRef = 102F6F9C2912F1BF0089F74A /* SceneDelegate.swift */; };
		102F6F9F2912F1BF0089F74A /* ViewController.swift in Sources */ = {isa = PBXBuildFile; fileRef = 102F6F9E2912F1BF0089F74A /* ViewController.swift */; };
		102F6FA22912F1BF0089F74A /* Main.storyboard in Resources */ = {isa = PBXBuildFile; fileRef = 102F6FA02912F1BF0089F74A /* Main.storyboard */; };
		102F6FA42912F1C00089F74A /* Assets.xcassets in Resources */ = {isa = PBXBuildFile; fileRef = 102F6FA32912F1C00089F74A /* Assets.xcassets */; };
		102F6FA72912F1C10089F74A /* LaunchScreen.storyboard in Resources */ = {isa = PBXBuildFile; fileRef = 102F6FA52912F1C10089F74A /* LaunchScreen.storyboard */; };
		102F6FB22912F1C10089F74A /* BallsHead2Tests.swift in Sources */ = {isa = PBXBuildFile; fileRef = 102F6FB12912F1C10089F74A /* BallsHead2Tests.swift */; };
		102F6FBC2912F1C10089F74A /* BallsHead2UITests.swift in Sources */ = {isa = PBXBuildFile; fileRef = 102F6FBB2912F1C10089F74A /* BallsHead2UITests.swift */; };
		102F6FBE2912F1C10089F74A /* BallsHead2UITestsLaunchTests.swift in Sources */ = {isa = PBXBuildFile; fileRef = 102F6FBD2912F1C10089F74A /* BallsHead2UITestsLaunchTests.swift */; };
		1094BD3B2915BC63004D8DDC /* ArtistPageTableViewController.swift in Sources */ = {isa = PBXBuildFile; fileRef = 1094BD3A2915BC63004D8DDC /* ArtistPageTableViewController.swift */; };
		1094BD3D29171A57004D8DDC /* Custom_Cell_TableViewCell.swift in Sources */ = {isa = PBXBuildFile; fileRef = 1094BD3C29171A57004D8DDC /* Custom_Cell_TableViewCell.swift */; };
		1094BD3F291723A4004D8DDC /* Model_Struc_character_Info.swift in Sources */ = {isa = PBXBuildFile; fileRef = 1094BD3E291723A4004D8DDC /* Model_Struc_character_Info.swift */; };
		1094BD4129196E26004D8DDC /* ArtistView2ViewController.swift in Sources */ = {isa = PBXBuildFile; fileRef = 1094BD4029196E26004D8DDC /* ArtistView2ViewController.swift */; };
/* End PBXBuildFile section */

/* Begin PBXContainerItemProxy section */
		102F6FAE2912F1C10089F74A /* PBXContainerItemProxy */ = {
			isa = PBXContainerItemProxy;
			containerPortal = 102F6F8F2912F1BF0089F74A /* Project object */;
			proxyType = 1;
			remoteGlobalIDString = 102F6F962912F1BF0089F74A;
			remoteInfo = BallsHead2;
		};
		102F6FB82912F1C10089F74A /* PBXContainerItemProxy */ = {
			isa = PBXContainerItemProxy;
			containerPortal = 102F6F8F2912F1BF0089F74A /* Project object */;
			proxyType = 1;
			remoteGlobalIDString = 102F6F962912F1BF0089F74A;
			remoteInfo = BallsHead2;
		};
/* End PBXContainerItemProxy section */

/* Begin PBXFileReference section */
		102F6F972912F1BF0089F74A /* BallsHead2.app */ = {isa = PBXFileReference; explicitFileType = wrapper.application; includeInIndex = 0; path = BallsHead2.app; sourceTree = BUILT_PRODUCTS_DIR; };
		102F6F9A2912F1BF0089F74A /* AppDelegate.swift */ = {isa = PBXFileReference; lastKnownFileType = sourcecode.swift; path = AppDelegate.swift; sourceTree = "<group>"; };
		102F6F9C2912F1BF0089F74A /* SceneDelegate.swift */ = {isa = PBXFileReference; lastKnownFileType = sourcecode.swift; path = SceneDelegate.swift; sourceTree = "<group>"; };
		102F6F9E2912F1BF0089F74A /* ViewController.swift */ = {isa = PBXFileReference; lastKnownFileType = sourcecode.swift; path = ViewController.swift; sourceTree = "<group>"; };
		102F6FA12912F1BF0089F74A /* Base */ = {isa = PBXFileReference; lastKnownFileType = file.storyboard; name = Base; path = Base.lproj/Main.storyboard; sourceTree = "<group>"; };
		102F6FA32912F1C00089F74A /* Assets.xcassets */ = {isa = PBXFileReference; lastKnownFileType = folder.assetcatalog; path = Assets.xcassets; sourceTree = "<group>"; };
		102F6FA62912F1C10089F74A /* Base */ = {isa = PBXFileReference; lastKnownFileType = file.storyboard; name = Base; path = Base.lproj/LaunchScreen.storyboard; sourceTree = "<group>"; };
		102F6FA82912F1C10089F74A /* Info.plist */ = {isa = PBXFileReference; lastKnownFileType = text.plist.xml; path = Info.plist; sourceTree = "<group>"; };
		102F6FAD2912F1C10089F74A /* BallsHead2Tests.xctest */ = {isa = PBXFileReference; explicitFileType = wrapper.cfbundle; includeInIndex = 0; path = BallsHead2Tests.xctest; sourceTree = BUILT_PRODUCTS_DIR; };
		102F6FB12912F1C10089F74A /* BallsHead2Tests.swift */ = {isa = PBXFileReference; lastKnownFileType = sourcecode.swift; path = BallsHead2Tests.swift; sourceTree = "<group>"; };
		102F6FB72912F1C10089F74A /* BallsHead2UITests.xctest */ = {isa = PBXFileReference; explicitFileType = wrapper.cfbundle; includeInIndex = 0; path = BallsHead2UITests.xctest; sourceTree = BUILT_PRODUCTS_DIR; };
		102F6FBB2912F1C10089F74A /* BallsHead2UITests.swift */ = {isa = PBXFileReference; lastKnownFileType = sourcecode.swift; path = BallsHead2UITests.swift; sourceTree = "<group>"; };
		102F6FBD2912F1C10089F74A /* BallsHead2UITestsLaunchTests.swift */ = {isa = PBXFileReference; lastKnownFileType = sourcecode.swift; path = BallsHead2UITestsLaunchTests.swift; sourceTree = "<group>"; };
		1094BD3A2915BC63004D8DDC /* ArtistPageTableViewController.swift */ = {isa = PBXFileReference; lastKnownFileType = sourcecode.swift; path = ArtistPageTableViewController.swift; sourceTree = "<group>"; };
		1094BD3C29171A57004D8DDC /* Custom_Cell_TableViewCell.swift */ = {isa = PBXFileReference; lastKnownFileType = sourcecode.swift; path = Custom_Cell_TableViewCell.swift; sourceTree = "<group>"; };
		1094BD3E291723A4004D8DDC /* Model_Struc_character_Info.swift */ = {isa = PBXFileReference; lastKnownFileType = sourcecode.swift; path = Model_Struc_character_Info.swift; sourceTree = "<group>"; };
		1094BD4029196E26004D8DDC /* ArtistView2ViewController.swift */ = {isa = PBXFileReference; lastKnownFileType = sourcecode.swift; path = ArtistView2ViewController.swift; sourceTree = "<group>"; };
/* End PBXFileReference section */

/* Begin PBXFrameworksBuildPhase section */
		102F6F942912F1BF0089F74A /* Frameworks */ = {
			isa = PBXFrameworksBuildPhase;
			buildActionMask = 2147483647;
			files = (
			);
			runOnlyForDeploymentPostprocessing = 0;
		};
		102F6FAA2912F1C10089F74A /* Frameworks */ = {
			isa = PBXFrameworksBuildPhase;
			buildActionMask = 2147483647;
			files = (
			);
			runOnlyForDeploymentPostprocessing = 0;
		};
		102F6FB42912F1C10089F74A /* Frameworks */ = {
			isa = PBXFrameworksBuildPhase;
			buildActionMask = 2147483647;
			files = (
			);
			runOnlyForDeploymentPostprocessing = 0;
		};
/* End PBXFrameworksBuildPhase section */

/* Begin PBXGroup section */
		102F6F8E2912F1BF0089F74A = {
			isa = PBXGroup;
			children = (
				102F6F992912F1BF0089F74A /* BallsHead2 */,
				102F6FB02912F1C10089F74A /* BallsHead2Tests */,
				102F6FBA2912F1C10089F74A /* BallsHead2UITests */,
				102F6F982912F1BF0089F74A /* Products */,
			);
			sourceTree = "<group>";
		};
		102F6F982912F1BF0089F74A /* Products */ = {
			isa = PBXGroup;
			children = (
				102F6F972912F1BF0089F74A /* BallsHead2.app */,
				102F6FAD2912F1C10089F74A /* BallsHead2Tests.xctest */,
				102F6FB72912F1C10089F74A /* BallsHead2UITests.xctest */,
			);
			name = Products;
			sourceTree = "<group>";
		};
		102F6F992912F1BF0089F74A /* BallsHead2 */ = {
			isa = PBXGroup;
			children = (
				102F6F9A2912F1BF0089F74A /* AppDelegate.swift */,
				102F6F9C2912F1BF0089F74A /* SceneDelegate.swift */,
				102F6F9E2912F1BF0089F74A /* ViewController.swift */,
				102F6FA02912F1BF0089F74A /* Main.storyboard */,
				102F6FA32912F1C00089F74A /* Assets.xcassets */,
				1094BD4029196E26004D8DDC /* ArtistView2ViewController.swift */,
				1094BD3E291723A4004D8DDC /* Model_Struc_character_Info.swift */,
				1094BD3A2915BC63004D8DDC /* ArtistPageTableViewController.swift */,
				1094BD3C29171A57004D8DDC /* Custom_Cell_TableViewCell.swift */,
				102F6FA52912F1C10089F74A /* LaunchScreen.storyboard */,
				102F6FA82912F1C10089F74A /* Info.plist */,
			);
			path = BallsHead2;
			sourceTree = "<group>";
		};
		102F6FB02912F1C10089F74A /* BallsHead2Tests */ = {
			isa = PBXGroup;
			children = (
				102F6FB12912F1C10089F74A /* BallsHead2Tests.swift */,
			);
			path = BallsHead2Tests;
			sourceTree = "<group>";
		};
		102F6FBA2912F1C10089F74A /* BallsHead2UITests */ = {
			isa = PBXGroup;
			children = (
				102F6FBB2912F1C10089F74A /* BallsHead2UITests.swift */,
				102F6FBD2912F1C10089F74A /* BallsHead2UITestsLaunchTests.swift */,
			);
			path = BallsHead2UITests;
			sourceTree = "<group>";
		};
/* End PBXGroup section */

/* Begin PBXNativeTarget section */
		102F6F962912F1BF0089F74A /* BallsHead2 */ = {
			isa = PBXNativeTarget;
			buildConfigurationList = 102F6FC12912F1C10089F74A /* Build configuration list for PBXNativeTarget "BallsHead2" */;
			buildPhases = (
				102F6F932912F1BF0089F74A /* Sources */,
				102F6F942912F1BF0089F74A /* Frameworks */,
				102F6F952912F1BF0089F74A /* Resources */,
			);
			buildRules = (
			);
			dependencies = (
			);
			name = BallsHead2;
			productName = BallsHead2;
			productReference = 102F6F972912F1BF0089F74A /* BallsHead2.app */;
			productType = "com.apple.product-type.application";
		};
		102F6FAC2912F1C10089F74A /* BallsHead2Tests */ = {
			isa = PBXNativeTarget;
			buildConfigurationList = 102F6FC42912F1C10089F74A /* Build configuration list for PBXNativeTarget "BallsHead2Tests" */;
			buildPhases = (
				102F6FA92912F1C10089F74A /* Sources */,
				102F6FAA2912F1C10089F74A /* Frameworks */,
				102F6FAB2912F1C10089F74A /* Resources */,
			);
			buildRules = (
			);
			dependencies = (
				102F6FAF2912F1C10089F74A /* PBXTargetDependency */,
			);
			name = BallsHead2Tests;
			productName = BallsHead2Tests;
			productReference = 102F6FAD2912F1C10089F74A /* BallsHead2Tests.xctest */;
			productType = "com.apple.product-type.bundle.unit-test";
		};
		102F6FB62912F1C10089F74A /* BallsHead2UITests */ = {
			isa = PBXNativeTarget;
			buildConfigurationList = 102F6FC72912F1C10089F74A /* Build configuration list for PBXNativeTarget "BallsHead2UITests" */;
			buildPhases = (
				102F6FB32912F1C10089F74A /* Sources */,
				102F6FB42912F1C10089F74A /* Frameworks */,
				102F6FB52912F1C10089F74A /* Resources */,
			);
			buildRules = (
			);
			dependencies = (
				102F6FB92912F1C10089F74A /* PBXTargetDependency */,
			);
			name = BallsHead2UITests;
			productName = BallsHead2UITests;
			productReference = 102F6FB72912F1C10089F74A /* BallsHead2UITests.xctest */;
			productType = "com.apple.product-type.bundle.ui-testing";
		};
/* End PBXNativeTarget section */

/* Begin PBXProject section */
		102F6F8F2912F1BF0089F74A /* Project object */ = {
			isa = PBXProject;
			attributes = {
				BuildIndependentTargetsInParallel = 1;
				LastSwiftUpdateCheck = 1400;
				LastUpgradeCheck = 1400;
				TargetAttributes = {
					102F6F962912F1BF0089F74A = {
						CreatedOnToolsVersion = 14.0.1;
					};
					102F6FAC2912F1C10089F74A = {
						CreatedOnToolsVersion = 14.0.1;
						TestTargetID = 102F6F962912F1BF0089F74A;
					};
					102F6FB62912F1C10089F74A = {
						CreatedOnToolsVersion = 14.0.1;
						TestTargetID = 102F6F962912F1BF0089F74A;
					};
				};
			};
			buildConfigurationList = 102F6F922912F1BF0089F74A /* Build configuration list for PBXProject "BallsHead2" */;
			compatibilityVersion = "Xcode 14.0";
			developmentRegion = en;
			hasScannedForEncodings = 0;
			knownRegions = (
				en,
				Base,
			);
			mainGroup = 102F6F8E2912F1BF0089F74A;
			productRefGroup = 102F6F982912F1BF0089F74A /* Products */;
			projectDirPath = "";
			projectRoot = "";
			targets = (
				102F6F962912F1BF0089F74A /* BallsHead2 */,
				102F6FAC2912F1C10089F74A /* BallsHead2Tests */,
				102F6FB62912F1C10089F74A /* BallsHead2UITests */,
			);
		};
/* End PBXProject section */

/* Begin PBXResourcesBuildPhase section */
		102F6F952912F1BF0089F74A /* Resources */ = {
			isa = PBXResourcesBuildPhase;
			buildActionMask = 2147483647;
			files = (
				102F6FA72912F1C10089F74A /* LaunchScreen.storyboard in Resources */,
				102F6FA42912F1C00089F74A /* Assets.xcassets in Resources */,
				102F6FA22912F1BF0089F74A /* Main.storyboard in Resources */,
			);
			runOnlyForDeploymentPostprocessing = 0;
		};
		102F6FAB2912F1C10089F74A /* Resources */ = {
			isa = PBXResourcesBuildPhase;
			buildActionMask = 2147483647;
			files = (
			);
			runOnlyForDeploymentPostprocessing = 0;
		};
		102F6FB52912F1C10089F74A /* Resources */ = {
			isa = PBXResourcesBuildPhase;
			buildActionMask = 2147483647;
			files = (
			);
			runOnlyForDeploymentPostprocessing = 0;
		};
/* End PBXResourcesBuildPhase section */

/* Begin PBXSourcesBuildPhase section */
		102F6F932912F1BF0089F74A /* Sources */ = {
			isa = PBXSourcesBuildPhase;
			buildActionMask = 2147483647;
			files = (
				1094BD4129196E26004D8DDC /* ArtistView2ViewController.swift in Sources */,
				102F6F9F2912F1BF0089F74A /* ViewController.swift in Sources */,
				1094BD3D29171A57004D8DDC /* Custom_Cell_TableViewCell.swift in Sources */,
				1094BD3F291723A4004D8DDC /* Model_Struc_character_Info.swift in Sources */,
				1094BD3B2915BC63004D8DDC /* ArtistPageTableViewController.swift in Sources */,
				102F6F9B2912F1BF0089F74A /* AppDelegate.swift in Sources */,
				102F6F9D2912F1BF0089F74A /* SceneDelegate.swift in Sources */,
			);
			runOnlyForDeploymentPostprocessing = 0;
		};
		102F6FA92912F1C10089F74A /* Sources */ = {
			isa = PBXSourcesBuildPhase;
			buildActionMask = 2147483647;
			files = (
				102F6FB22912F1C10089F74A /* BallsHead2Tests.swift in Sources */,
			);
			runOnlyForDeploymentPostprocessing = 0;
		};
		102F6FB32912F1C10089F74A /* Sources */ = {
			isa = PBXSourcesBuildPhase;
			buildActionMask = 2147483647;
			files = (
				102F6FBE2912F1C10089F74A /* BallsHead2UITestsLaunchTests.swift in Sources */,
				102F6FBC2912F1C10089F74A /* BallsHead2UITests.swift in Sources */,
			);
			runOnlyForDeploymentPostprocessing = 0;
		};
/* End PBXSourcesBuildPhase section */

/* Begin PBXTargetDependency section */
		102F6FAF2912F1C10089F74A /* PBXTargetDependency */ = {
			isa = PBXTargetDependency;
			target = 102F6F962912F1BF0089F74A /* BallsHead2 */;
			targetProxy = 102F6FAE2912F1C10089F74A /* PBXContainerItemProxy */;
		};
		102F6FB92912F1C10089F74A /* PBXTargetDependency */ = {
			isa = PBXTargetDependency;
			target = 102F6F962912F1BF0089F74A /* BallsHead2 */;
			targetProxy = 102F6FB82912F1C10089F74A /* PBXContainerItemProxy */;
		};
/* End PBXTargetDependency section */

/* Begin PBXVariantGroup section */
		102F6FA02912F1BF0089F74A /* Main.storyboard */ = {
			isa = PBXVariantGroup;
			children = (
				102F6FA12912F1BF0089F74A /* Base */,
			);
			name = Main.storyboard;
			sourceTree = "<group>";
		};
		102F6FA52912F1C10089F74A /* LaunchScreen.storyboard */ = {
			isa = PBXVariantGroup;
			children = (
				102F6FA62912F1C10089F74A /* Base */,
			);
			name = LaunchScreen.storyboard;
			sourceTree = "<group>";
		};
/* End PBXVariantGroup section */

/* Begin XCBuildConfiguration section */
		102F6FBF2912F1C10089F74A /* Debug */ = {
			isa = XCBuildConfiguration;
			buildSettings = {
				ALWAYS_SEARCH_USER_PATHS = NO;
				CLANG_ANALYZER_NONNULL = YES;
				CLANG_ANALYZER_NUMBER_OBJECT_CONVERSION = YES_AGGRESSIVE;
				CLANG_CXX_LANGUAGE_STANDARD = "gnu++20";
				CLANG_ENABLE_MODULES = YES;
				CLANG_ENABLE_OBJC_ARC = YES;
				CLANG_ENABLE_OBJC_WEAK = YES;
				CLANG_WARN_BLOCK_CAPTURE_AUTORELEASING = YES;
				CLANG_WARN_BOOL_CONVERSION = YES;
				CLANG_WARN_COMMA = YES;
				CLANG_WARN_CONSTANT_CONVERSION = YES;
				CLANG_WARN_DEPRECATED_OBJC_IMPLEMENTATIONS = YES;
				CLANG_WARN_DIRECT_OBJC_ISA_USAGE = YES_ERROR;
				CLANG_WARN_DOCUMENTATION_COMMENTS = YES;
				CLANG_WARN_EMPTY_BODY = YES;
				CLANG_WARN_ENUM_CONVERSION = YES;
				CLANG_WARN_INFINITE_RECURSION = YES;
				CLANG_WARN_INT_CONVERSION = YES;
				CLANG_WARN_NON_LITERAL_NULL_CONVERSION = YES;
				CLANG_WARN_OBJC_IMPLICIT_RETAIN_SELF = YES;
				CLANG_WARN_OBJC_LITERAL_CONVERSION = YES;
				CLANG_WARN_OBJC_ROOT_CLASS = YES_ERROR;
				CLANG_WARN_QUOTED_INCLUDE_IN_FRAMEWORK_HEADER = YES;
				CLANG_WARN_RANGE_LOOP_ANALYSIS = YES;
				CLANG_WARN_STRICT_PROTOTYPES = YES;
				CLANG_WARN_SUSPICIOUS_MOVE = YES;
				CLANG_WARN_UNGUARDED_AVAILABILITY = YES_AGGRESSIVE;
				CLANG_WARN_UNREACHABLE_CODE = YES;
				CLANG_WARN__DUPLICATE_METHOD_MATCH = YES;
				COPY_PHASE_STRIP = NO;
				DEBUG_INFORMATION_FORMAT = dwarf;
				ENABLE_STRICT_OBJC_MSGSEND = YES;
				ENABLE_TESTABILITY = YES;
				GCC_C_LANGUAGE_STANDARD = gnu11;
				GCC_DYNAMIC_NO_PIC = NO;
				GCC_NO_COMMON_BLOCKS = YES;
				GCC_OPTIMIZATION_LEVEL = 0;
				GCC_PREPROCESSOR_DEFINITIONS = (
					"DEBUG=1",
					"$(inherited)",
				);
				GCC_WARN_64_TO_32_BIT_CONVERSION = YES;
				GCC_WARN_ABOUT_RETURN_TYPE = YES_ERROR;
				GCC_WARN_UNDECLARED_SELECTOR = YES;
				GCC_WARN_UNINITIALIZED_AUTOS = YES_AGGRESSIVE;
				GCC_WARN_UNUSED_FUNCTION = YES;
				GCC_WARN_UNUSED_VARIABLE = YES;
				IPHONEOS_DEPLOYMENT_TARGET = 16.0;
				MTL_ENABLE_DEBUG_INFO = INCLUDE_SOURCE;
				MTL_FAST_MATH = YES;
				ONLY_ACTIVE_ARCH = YES;
				SDKROOT = iphoneos;
				SWIFT_ACTIVE_COMPILATION_CONDITIONS = DEBUG;
				SWIFT_OPTIMIZATION_LEVEL = "-Onone";
			};
			name = Debug;
		};
		102F6FC02912F1C10089F74A /* Release */ = {
			isa = XCBuildConfiguration;
			buildSettings = {
				ALWAYS_SEARCH_USER_PATHS = NO;
				CLANG_ANALYZER_NONNULL = YES;
				CLANG_ANALYZER_NUMBER_OBJECT_CONVERSION = YES_AGGRESSIVE;
				CLANG_CXX_LANGUAGE_STANDARD = "gnu++20";
				CLANG_ENABLE_MODULES = YES;
				CLANG_ENABLE_OBJC_ARC = YES;
				CLANG_ENABLE_OBJC_WEAK = YES;
				CLANG_WARN_BLOCK_CAPTURE_AUTORELEASING = YES;
				CLANG_WARN_BOOL_CONVERSION = YES;
				CLANG_WARN_COMMA = YES;
				CLANG_WARN_CONSTANT_CONVERSION = YES;
				CLANG_WARN_DEPRECATED_OBJC_IMPLEMENTATIONS = YES;
				CLANG_WARN_DIRECT_OBJC_ISA_USAGE = YES_ERROR;
				CLANG_WARN_DOCUMENTATION_COMMENTS = YES;
				CLANG_WARN_EMPTY_BODY = YES;
				CLANG_WARN_ENUM_CONVERSION = YES;
				CLANG_WARN_INFINITE_RECURSION = YES;
				CLANG_WARN_INT_CONVERSION = YES;
				CLANG_WARN_NON_LITERAL_NULL_CONVERSION = YES;
				CLANG_WARN_OBJC_IMPLICIT_RETAIN_SELF = YES;
				CLANG_WARN_OBJC_LITERAL_CONVERSION = YES;
				CLANG_WARN_OBJC_ROOT_CLASS = YES_ERROR;
				CLANG_WARN_QUOTED_INCLUDE_IN_FRAMEWORK_HEADER = YES;
				CLANG_WARN_RANGE_LOOP_ANALYSIS = YES;
				CLANG_WARN_STRICT_PROTOTYPES = YES;
				CLANG_WARN_SUSPICIOUS_MOVE = YES;
				CLANG_WARN_UNGUARDED_AVAILABILITY = YES_AGGRESSIVE;
				CLANG_WARN_UNREACHABLE_CODE = YES;
				CLANG_WARN__DUPLICATE_METHOD_MATCH = YES;
				COPY_PHASE_STRIP = NO;
				DEBUG_INFORMATION_FORMAT = "dwarf-with-dsym";
				ENABLE_NS_ASSERTIONS = NO;
				ENABLE_STRICT_OBJC_MSGSEND = YES;
				GCC_C_LANGUAGE_STANDARD = gnu11;
				GCC_NO_COMMON_BLOCKS = YES;
				GCC_WARN_64_TO_32_BIT_CONVERSION = YES;
				GCC_WARN_ABOUT_RETURN_TYPE = YES_ERROR;
				GCC_WARN_UNDECLARED_SELECTOR = YES;
				GCC_WARN_UNINITIALIZED_AUTOS = YES_AGGRESSIVE;
				GCC_WARN_UNUSED_FUNCTION = YES;
				GCC_WARN_UNUSED_VARIABLE = YES;
				IPHONEOS_DEPLOYMENT_TARGET = 16.0;
				MTL_ENABLE_DEBUG_INFO = NO;
				MTL_FAST_MATH = YES;
				SDKROOT = iphoneos;
				SWIFT_COMPILATION_MODE = wholemodule;
				SWIFT_OPTIMIZATION_LEVEL = "-O";
				VALIDATE_PRODUCT = YES;
			};
			name = Release;
		};
		102F6FC22912F1C10089F74A /* Debug */ = {
			isa = XCBuildConfiguration;
			buildSettings = {
				ASSETCATALOG_COMPILER_APPICON_NAME = AppIcon;
				ASSETCATALOG_COMPILER_GLOBAL_ACCENT_COLOR_NAME = AccentColor;
				CODE_SIGN_IDENTITY = "Apple Distribution: Qualex Consulting Services, Inc (T6XKEQ76T5)";
				CODE_SIGN_STYLE = Manual;
				CURRENT_PROJECT_VERSION = 1;
				DEVELOPMENT_TEAM = S8733BB6JX;
				GENERATE_INFOPLIST_FILE = YES;
				INFOPLIST_FILE = BallsHead2/Info.plist;
				INFOPLIST_KEY_UIApplicationSupportsIndirectInputEvents = YES;
				INFOPLIST_KEY_UILaunchStoryboardName = LaunchScreen;
				INFOPLIST_KEY_UIMainStoryboardFile = Main;
				INFOPLIST_KEY_UISupportedInterfaceOrientations_iPad = "UIInterfaceOrientationPortrait UIInterfaceOrientationPortraitUpsideDown UIInterfaceOrientationLandscapeLeft UIInterfaceOrientationLandscapeRight";
				INFOPLIST_KEY_UISupportedInterfaceOrientations_iPhone = "UIInterfaceOrientationPortrait UIInterfaceOrientationLandscapeLeft UIInterfaceOrientationLandscapeRight";
				IPHONEOS_DEPLOYMENT_TARGET = 15.6;
				LD_RUNPATH_SEARCH_PATHS = (
					"$(inherited)",
					"@executable_path/Frameworks",
				);
				MARKETING_VERSION = 1.0;
				PRODUCT_BUNDLE_IDENTIFIER = com.qlx.BallsHead2;
				PRODUCT_NAME = "$(TARGET_NAME)";
				PROVISIONING_PROFILE_SPECIFIER = "BallsHead Distribution Profile";
				SUPPORTED_PLATFORMS = "iphoneos iphonesimulator";
				SUPPORTS_MACCATALYST = NO;
				SUPPORTS_MAC_DESIGNED_FOR_IPHONE_IPAD = NO;
				SWIFT_EMIT_LOC_STRINGS = YES;
				SWIFT_VERSION = 5.0;
				TARGETED_DEVICE_FAMILY = 1;
			};
			name = Debug;
		};
		102F6FC32912F1C10089F74A /* Release */ = {
			isa = XCBuildConfiguration;
			buildSettings = {
				ASSETCATALOG_COMPILER_APPICON_NAME = AppIcon;
				ASSETCATALOG_COMPILER_GLOBAL_ACCENT_COLOR_NAME = AccentColor;
				CODE_SIGN_IDENTITY = "Apple Distribution: Qualex Consulting Services, Inc (T6XKEQ76T5)";
				CODE_SIGN_STYLE = Manual;
				CURRENT_PROJECT_VERSION = 1;
				DEVELOPMENT_TEAM = S8733BB6JX;
				GENERATE_INFOPLIST_FILE = YES;
				INFOPLIST_FILE = BallsHead2/Info.plist;
				INFOPLIST_KEY_UIApplicationSupportsIndirectInputEvents = YES;
				INFOPLIST_KEY_UILaunchStoryboardName = LaunchScreen;
				INFOPLIST_KEY_UIMainStoryboardFile = Main;
				INFOPLIST_KEY_UISupportedInterfaceOrientations_iPad = "UIInterfaceOrientationPortrait UIInterfaceOrientationPortraitUpsideDown UIInterfaceOrientationLandscapeLeft UIInterfaceOrientationLandscapeRight";
				INFOPLIST_KEY_UISupportedInterfaceOrientations_iPhone = "UIInterfaceOrientationPortrait UIInterfaceOrientationLandscapeLeft UIInterfaceOrientationLandscapeRight";
				IPHONEOS_DEPLOYMENT_TARGET = 15.6;
				LD_RUNPATH_SEARCH_PATHS = (
					"$(inherited)",
					"@executable_path/Frameworks",
				);
				MARKETING_VERSION = 1.0;
				PRODUCT_BUNDLE_IDENTIFIER = com.qlx.BallsHead2;
				PRODUCT_NAME = "$(TARGET_NAME)";
				PROVISIONING_PROFILE_SPECIFIER = "BallsHead Distribution Profile";
				SUPPORTED_PLATFORMS = "iphoneos iphonesimulator";
				SUPPORTS_MACCATALYST = NO;
				SUPPORTS_MAC_DESIGNED_FOR_IPHONE_IPAD = NO;
				SWIFT_EMIT_LOC_STRINGS = YES;
				SWIFT_VERSION = 5.0;
				TARGETED_DEVICE_FAMILY = 1;
			};
			name = Release;
		};
		102F6FC52912F1C10089F74A /* Debug */ = {
			isa = XCBuildConfiguration;
			buildSettings = {
				ALWAYS_EMBED_SWIFT_STANDARD_LIBRARIES = YES;
				BUNDLE_LOADER = "$(TEST_HOST)";
				CODE_SIGN_STYLE = Automatic;
				CURRENT_PROJECT_VERSION = 1;
				GENERATE_INFOPLIST_FILE = YES;
				IPHONEOS_DEPLOYMENT_TARGET = 16.0;
				MARKETING_VERSION = 1.0;
				PRODUCT_BUNDLE_IDENTIFIER = qualex.BallsHead2Tests;
				PRODUCT_NAME = "$(TARGET_NAME)";
				SWIFT_EMIT_LOC_STRINGS = NO;
				SWIFT_VERSION = 5.0;
				TARGETED_DEVICE_FAMILY = "1,2";
				TEST_HOST = "$(BUILT_PRODUCTS_DIR)/BallsHead2.app/$(BUNDLE_EXECUTABLE_FOLDER_PATH)/BallsHead2";
			};
			name = Debug;
		};
		102F6FC62912F1C10089F74A /* Release */ = {
			isa = XCBuildConfiguration;
			buildSettings = {
				ALWAYS_EMBED_SWIFT_STANDARD_LIBRARIES = YES;
				BUNDLE_LOADER = "$(TEST_HOST)";
				CODE_SIGN_STYLE = Automatic;
				CURRENT_PROJECT_VERSION = 1;
				GENERATE_INFOPLIST_FILE = YES;
				IPHONEOS_DEPLOYMENT_TARGET = 16.0;
				MARKETING_VERSION = 1.0;
				PRODUCT_BUNDLE_IDENTIFIER = qualex.BallsHead2Tests;
				PRODUCT_NAME = "$(TARGET_NAME)";
				SWIFT_EMIT_LOC_STRINGS = NO;
				SWIFT_VERSION = 5.0;
				TARGETED_DEVICE_FAMILY = "1,2";
				TEST_HOST = "$(BUILT_PRODUCTS_DIR)/BallsHead2.app/$(BUNDLE_EXECUTABLE_FOLDER_PATH)/BallsHead2";
			};
			name = Release;
		};
		102F6FC82912F1C10089F74A /* Debug */ = {
			isa = XCBuildConfiguration;
			buildSettings = {
				ALWAYS_EMBED_SWIFT_STANDARD_LIBRARIES = YES;
				CODE_SIGN_STYLE = Automatic;
				CURRENT_PROJECT_VERSION = 1;
				GENERATE_INFOPLIST_FILE = YES;
				MARKETING_VERSION = 1.0;
				PRODUCT_BUNDLE_IDENTIFIER = qualex.BallsHead2UITests;
				PRODUCT_NAME = "$(TARGET_NAME)";
				SWIFT_EMIT_LOC_STRINGS = NO;
				SWIFT_VERSION = 5.0;
				TARGETED_DEVICE_FAMILY = "1,2";
				TEST_TARGET_NAME = BallsHead2;
			};
			name = Debug;
		};
		102F6FC92912F1C10089F74A /* Release */ = {
			isa = XCBuildConfiguration;
			buildSettings = {
				ALWAYS_EMBED_SWIFT_STANDARD_LIBRARIES = YES;
				CODE_SIGN_STYLE = Automatic;
				CURRENT_PROJECT_VERSION = 1;
				GENERATE_INFOPLIST_FILE = YES;
				MARKETING_VERSION = 1.0;
				PRODUCT_BUNDLE_IDENTIFIER = qualex.BallsHead2UITests;
				PRODUCT_NAME = "$(TARGET_NAME)";
				SWIFT_EMIT_LOC_STRINGS = NO;
				SWIFT_VERSION = 5.0;
				TARGETED_DEVICE_FAMILY = "1,2";
				TEST_TARGET_NAME = BallsHead2;
			};
			name = Release;
		};
/* End XCBuildConfiguration section */

/* Begin XCConfigurationList section */
		102F6F922912F1BF0089F74A /* Build configuration list for PBXProject "BallsHead2" */ = {
			isa = XCConfigurationList;
			buildConfigurations = (
				102F6FBF2912F1C10089F74A /* Debug */,
				102F6FC02912F1C10089F74A /* Release */,
			);
			defaultConfigurationIsVisible = 0;
			defaultConfigurationName = Release;
		};
		102F6FC12912F1C10089F74A /* Build configuration list for PBXNativeTarget "BallsHead2" */ = {
			isa = XCConfigurationList;
			buildConfigurations = (
				102F6FC22912F1C10089F74A /* Debug */,
				102F6FC32912F1C10089F74A /* Release */,
			);
			defaultConfigurationIsVisible = 0;
			defaultConfigurationName = Release;
		};
		102F6FC42912F1C10089F74A /* Build configuration list for PBXNativeTarget "BallsHead2Tests" */ = {
			isa = XCConfigurationList;
			buildConfigurations = (
				102F6FC52912F1C10089F74A /* Debug */,
				102F6FC62912F1C10089F74A /* Release */,
			);
			defaultConfigurationIsVisible = 0;
			defaultConfigurationName = Release;
		};
		102F6FC72912F1C10089F74A /* Build configuration list for PBXNativeTarget "BallsHead2UITests" */ = {
			isa = XCConfigurationList;
			buildConfigurations = (
				102F6FC82912F1C10089F74A /* Debug */,
				102F6FC92912F1C10089F74A /* Release */,
			);
			defaultConfigurationIsVisible = 0;
			defaultConfigurationName = Release;
		};
/* End XCConfigurationList section */
	};
	rootObject = 102F6F8F2912F1BF0089F74A /* Project object */;
}
